
Microsoft Visual Studio Solution File, Format Version 12.00
# Visual Studio Version 17
VisualStudioVersion = 17.8.34408.163
MinimumVisualStudioVersion = 10.0.40219.1
Project("{FAE04EC0-301F-11D3-BF4B-00C04F79EFBC}") = "simple  forgot password", "simple  forgot password\simple  forgot password.csproj", "{82AA1119-8DE9-4555-8FBC-8AEDB17A12BE}"
EndProject
Global
	GlobalSection(SolutionConfigurationPlatforms) = preSolution
		Debug|Any CPU = Debug|Any CPU
		Release|Any CPU = Release|Any CPU
	EndGlobalSection
	GlobalSection(ProjectConfigurationPlatforms) = postSolution
		{82AA1119-8DE9-4555-8FBC-8AEDB17A12BE}.Debug|Any CPU.ActiveCfg = Debug|Any CPU
		{82AA1119-8DE9-4555-8FBC-8AEDB17A12BE}.Debug|Any CPU.Build.0 = Debug|Any CPU
		{82AA1119-8DE9-4555-8FBC-8AEDB17A12BE}.Release|Any CPU.ActiveCfg = Release|Any CPU
		{82AA1119-8DE9-4555-8FBC-8AEDB17A12BE}.Release|Any CPU.Build.0 = Release|Any CPU
	EndGlobalSection
	GlobalSection(SolutionProperties) = preSolution
		HideSolutionNode = FALSE
	EndGlobalSection
	GlobalSection(ExtensibilityGlobals) = postSolution
		SolutionGuid = {F4A28B1C-5E6F-4007-A16E-3C60CBB953B8}
	EndGlobalSection
EndGlobal
